{
  "name": "hcl2-parser",
  "version": "1.0.0",
  "lockfileVersion": 2,
  "requires": true,
  "packages": {
    "": {
      "version": "1.0.0",
      "license": "MIT",
      "dependencies": {
        "hcl2-parser": "^1.0.0"
      }
    },
    "node_modules/hcl2-parser": {
      "version": "1.0.0",
      "resolved": "https://registry.npmjs.org/hcl2-parser/-/hcl2-parser-1.0.0.tgz",
      "integrity": "sha512-+wvLgMmnabd/lEhgsH2UIvfPn5s9ny3xp2l1Ret4G0EXd/Mp3ZmVmaMLE4ertX+7KgHyiNXxZlIUv3zTTIjqTQ=="
    }
  },
  "dependencies": {
    "hcl2-parser": {
      "version": "1.0.0",
      "resolved": "https://registry.npmjs.org/hcl2-parser/-/hcl2-parser-1.0.0.tgz",
      "integrity": "sha512-+wvLgMmnabd/lEhgsH2UIvfPn5s9ny3xp2l1Ret4G0EXd/Mp3ZmVmaMLE4ertX+7KgHyiNXxZlIUv3zTTIjqTQ=="
    }
  }
}
